
Microsoft Visual Studio Solution File, Format Version 12.00
# Visual Studio Version 17
VisualStudioVersion = 17.4.33213.308
MinimumVisualStudioVersion = 10.0.40219.1
Project("{FAE04EC0-301F-11D3-BF4B-00C04F79EFBC}") = "FormAppDotnet", "FormAppDotnet\FormAppDotnet.csproj", "{626F8D86-406D-4CFE-BB23-3B6C34F46E00}"
EndProject
Global
	GlobalSection(SolutionConfigurationPlatforms) = preSolution
		Debug|Any CPU = Debug|Any CPU
		Release|Any CPU = Release|Any CPU
	EndGlobalSection
	GlobalSection(ProjectConfigurationPlatforms) = postSolution
		{626F8D86-406D-4CFE-BB23-3B6C34F46E00}.Debug|Any CPU.ActiveCfg = Debug|Any CPU
		{626F8D86-406D-4CFE-BB23-3B6C34F46E00}.Debug|Any CPU.Build.0 = Debug|Any CPU
		{626F8D86-406D-4CFE-BB23-3B6C34F46E00}.Release|Any CPU.ActiveCfg = Release|Any CPU
		{626F8D86-406D-4CFE-BB23-3B6C34F46E00}.Release|Any CPU.Build.0 = Release|Any CPU
	EndGlobalSection
	GlobalSection(SolutionProperties) = preSolution
		HideSolutionNode = FALSE
	EndGlobalSection
	GlobalSection(ExtensibilityGlobals) = postSolution
		SolutionGuid = {0ABBCF28-0362-484D-9E6F-118F744F7E0F}
	EndGlobalSection
EndGlobal
